// !$*UTF8*$!
{
	archiveVersion = 1;
	classes = {
	};
	objectVersion = 56;
	objects = {

/* Begin PBXBuildFile section */
		DA3454E829FA59F3007E66F7 /* AddPassView.swift in Sources */ = {isa = PBXBuildFile; fileRef = DA3454E729FA59F3007E66F7 /* AddPassView.swift */; };
		DA6198BF29C2E1500033980B /* pass_wallet_prototypeApp.swift in Sources */ = {isa = PBXBuildFile; fileRef = DA6198BE29C2E1500033980B /* pass_wallet_prototypeApp.swift */; };
		DA6198C129C2E1500033980B /* ContentView.swift in Sources */ = {isa = PBXBuildFile; fileRef = DA6198C029C2E1500033980B /* ContentView.swift */; };
		DA6198C329C2E1510033980B /* Assets.xcassets in Resources */ = {isa = PBXBuildFile; fileRef = DA6198C229C2E1510033980B /* Assets.xcassets */; };
		DA6198C629C2E1510033980B /* Preview Assets.xcassets in Resources */ = {isa = PBXBuildFile; fileRef = DA6198C529C2E1510033980B /* Preview Assets.xcassets */; };
		DABFF3DE2A01EE8E005B290F /* pass_wallet_prototypeTests.swift in Sources */ = {isa = PBXBuildFile; fileRef = DABFF3DD2A01EE8E005B290F /* pass_wallet_prototypeTests.swift */; };
		DAC1C2DD29F902ED00988955 /* GoogleService-Info.plist in Resources */ = {isa = PBXBuildFile; fileRef = DAC1C2DC29F902ED00988955 /* GoogleService-Info.plist */; };
		DAC1C2E029F9124F00988955 /* FirebaseStorage in Frameworks */ = {isa = PBXBuildFile; productRef = DAC1C2DF29F9124F00988955 /* FirebaseStorage */; };
		DAC1C2E229F9124F00988955 /* FirebaseStorageCombine-Community in Frameworks */ = {isa = PBXBuildFile; productRef = DAC1C2E129F9124F00988955 /* FirebaseStorageCombine-Community */; };
/* End PBXBuildFile section */

/* Begin PBXContainerItemProxy section */
		DABFF3DF2A01EE8E005B290F /* PBXContainerItemProxy */ = {
			isa = PBXContainerItemProxy;
			containerPortal = DA6198B329C2E1500033980B /* Project object */;
			proxyType = 1;
			remoteGlobalIDString = DA6198BA29C2E1500033980B;
			remoteInfo = "pass-wallet-prototype";
		};
/* End PBXContainerItemProxy section */

/* Begin PBXFileReference section */
		DA3454E729FA59F3007E66F7 /* AddPassView.swift */ = {isa = PBXFileReference; lastKnownFileType = sourcecode.swift; path = AddPassView.swift; sourceTree = "<group>"; };
		DA6198BB29C2E1500033980B /* pass-wallet-prototype.app */ = {isa = PBXFileReference; explicitFileType = wrapper.application; includeInIndex = 0; path = "pass-wallet-prototype.app"; sourceTree = BUILT_PRODUCTS_DIR; };
		DA6198BE29C2E1500033980B /* pass_wallet_prototypeApp.swift */ = {isa = PBXFileReference; lastKnownFileType = sourcecode.swift; path = pass_wallet_prototypeApp.swift; sourceTree = "<group>"; };
		DA6198C029C2E1500033980B /* ContentView.swift */ = {isa = PBXFileReference; lastKnownFileType = sourcecode.swift; path = ContentView.swift; sourceTree = "<group>"; };
		DA6198C229C2E1510033980B /* Assets.xcassets */ = {isa = PBXFileReference; lastKnownFileType = folder.assetcatalog; path = Assets.xcassets; sourceTree = "<group>"; };
		DA6198C529C2E1510033980B /* Preview Assets.xcassets */ = {isa = PBXFileReference; lastKnownFileType = folder.assetcatalog; path = "Preview Assets.xcassets"; sourceTree = "<group>"; };
		DA6198CC29C2E3A40033980B /* pass-wallet-prototype.entitlements */ = {isa = PBXFileReference; lastKnownFileType = text.plist.entitlements; path = "pass-wallet-prototype.entitlements"; sourceTree = "<group>"; };
		DABFF3DB2A01EE8E005B290F /* pass-wallet-prototypeTests.xctest */ = {isa = PBXFileReference; explicitFileType = wrapper.cfbundle; includeInIndex = 0; path = "pass-wallet-prototypeTests.xctest"; sourceTree = BUILT_PRODUCTS_DIR; };
		DABFF3DD2A01EE8E005B290F /* pass_wallet_prototypeTests.swift */ = {isa = PBXFileReference; lastKnownFileType = sourcecode.swift; path = pass_wallet_prototypeTests.swift; sourceTree = "<group>"; };
		DABFF3E42A01FCE4005B290F /* Info.plist */ = {isa = PBXFileReference; lastKnownFileType = text.plist; path = Info.plist; sourceTree = "<group>"; };
		DAC1C2DC29F902ED00988955 /* GoogleService-Info.plist */ = {isa = PBXFileReference; fileEncoding = 4; lastKnownFileType = text.plist.xml; path = "GoogleService-Info.plist"; sourceTree = "<group>"; };
/* End PBXFileReference section */

/* Begin PBXFrameworksBuildPhase section */
		DA6198B829C2E1500033980B /* Frameworks */ = {
			isa = PBXFrameworksBuildPhase;
			buildActionMask = 2147483647;
			files = (
				DAC1C2E229F9124F00988955 /* FirebaseStorageCombine-Community in Frameworks */,
				DAC1C2E029F9124F00988955 /* FirebaseStorage in Frameworks */,
			);
			runOnlyForDeploymentPostprocessing = 0;
		};
		DABFF3D82A01EE8E005B290F /* Frameworks */ = {
			isa = PBXFrameworksBuildPhase;
			buildActionMask = 2147483647;
			files = (
			);
			runOnlyForDeploymentPostprocessing = 0;
		};
/* End PBXFrameworksBuildPhase section */

/* Begin PBXGroup section */
		DA6198B229C2E1500033980B = {
			isa = PBXGroup;
			children = (
				DA6198BD29C2E1500033980B /* pass-wallet-prototype */,
				DABFF3DC2A01EE8E005B290F /* pass-wallet-prototypeTests */,
				DA6198BC29C2E1500033980B /* Products */,
			);
			sourceTree = "<group>";
		};
		DA6198BC29C2E1500033980B /* Products */ = {
			isa = PBXGroup;
			children = (
				DA6198BB29C2E1500033980B /* pass-wallet-prototype.app */,
				DABFF3DB2A01EE8E005B290F /* pass-wallet-prototypeTests.xctest */,
			);
			name = Products;
			sourceTree = "<group>";
		};
		DA6198BD29C2E1500033980B /* pass-wallet-prototype */ = {
			isa = PBXGroup;
			children = (
				DABFF3E42A01FCE4005B290F /* Info.plist */,
				DAC1C2DC29F902ED00988955 /* GoogleService-Info.plist */,
				DA6198CC29C2E3A40033980B /* pass-wallet-prototype.entitlements */,
				DA6198BE29C2E1500033980B /* pass_wallet_prototypeApp.swift */,
				DA6198C029C2E1500033980B /* ContentView.swift */,
				DA3454E729FA59F3007E66F7 /* AddPassView.swift */,
				DA6198C229C2E1510033980B /* Assets.xcassets */,
				DA6198C429C2E1510033980B /* Preview Content */,
			);
			path = "pass-wallet-prototype";
			sourceTree = "<group>";
		};
		DA6198C429C2E1510033980B /* Preview Content */ = {
			isa = PBXGroup;
			children = (
				DA6198C529C2E1510033980B /* Preview Assets.xcassets */,
			);
			path = "Preview Content";
			sourceTree = "<group>";
		};
		DABFF3DC2A01EE8E005B290F /* pass-wallet-prototypeTests */ = {
			isa = PBXGroup;
			children = (
				DABFF3DD2A01EE8E005B290F /* pass_wallet_prototypeTests.swift */,
			);
			path = "pass-wallet-prototypeTests";
			sourceTree = "<group>";
		};
/* End PBXGroup section */

/* Begin PBXNativeTarget section */
		DA6198BA29C2E1500033980B /* pass-wallet-prototype */ = {
			isa = PBXNativeTarget;
			buildConfigurationList = DA6198C929C2E1510033980B /* Build configuration list for PBXNativeTarget "pass-wallet-prototype" */;
			buildPhases = (
				DA6198B729C2E1500033980B /* Sources */,
				DA6198B829C2E1500033980B /* Frameworks */,
				DA6198B929C2E1500033980B /* Resources */,
			);
			buildRules = (
			);
			dependencies = (
			);
			name = "pass-wallet-prototype";
			packageProductDependencies = (
				DAC1C2DF29F9124F00988955 /* FirebaseStorage */,
				DAC1C2E129F9124F00988955 /* FirebaseStorageCombine-Community */,
			);
			productName = "pass-wallet-prototype";
			productReference = DA6198BB29C2E1500033980B /* pass-wallet-prototype.app */;
			productType = "com.apple.product-type.application";
		};
		DABFF3DA2A01EE8E005B290F /* pass-wallet-prototypeTests */ = {
			isa = PBXNativeTarget;
			buildConfigurationList = DABFF3E32A01EE8E005B290F /* Build configuration list for PBXNativeTarget "pass-wallet-prototypeTests" */;
			buildPhases = (
				DABFF3D72A01EE8E005B290F /* Sources */,
				DABFF3D82A01EE8E005B290F /* Frameworks */,
				DABFF3D92A01EE8E005B290F /* Resources */,
			);
			buildRules = (
			);
			dependencies = (
				DABFF3E02A01EE8E005B290F /* PBXTargetDependency */,
			);
			name = "pass-wallet-prototypeTests";
			productName = "pass-wallet-prototypeTests";
			productReference = DABFF3DB2A01EE8E005B290F /* pass-wallet-prototypeTests.xctest */;
			productType = "com.apple.product-type.bundle.unit-test";
		};
/* End PBXNativeTarget section */

/* Begin PBXProject section */
		DA6198B329C2E1500033980B /* Project object */ = {
			isa = PBXProject;
			attributes = {
				BuildIndependentTargetsInParallel = 1;
				LastSwiftUpdateCheck = 1430;
				LastUpgradeCheck = 1420;
				TargetAttributes = {
					DA6198BA29C2E1500033980B = {
						CreatedOnToolsVersion = 14.2;
					};
					DABFF3DA2A01EE8E005B290F = {
						CreatedOnToolsVersion = 14.3;
						TestTargetID = DA6198BA29C2E1500033980B;
					};
				};
			};
			buildConfigurationList = DA6198B629C2E1500033980B /* Build configuration list for PBXProject "pass-wallet-prototype" */;
			compatibilityVersion = "Xcode 14.0";
			developmentRegion = en;
			hasScannedForEncodings = 0;
			knownRegions = (
				en,
				Base,
			);
			mainGroup = DA6198B229C2E1500033980B;
			packageReferences = (
				DAC1C2DE29F9124F00988955 /* XCRemoteSwiftPackageReference "firebase-ios-sdk" */,
			);
			productRefGroup = DA6198BC29C2E1500033980B /* Products */;
			projectDirPath = "";
			projectRoot = "";
			targets = (
				DA6198BA29C2E1500033980B /* pass-wallet-prototype */,
				DABFF3DA2A01EE8E005B290F /* pass-wallet-prototypeTests */,
			);
		};
/* End PBXProject section */

/* Begin PBXResourcesBuildPhase section */
		DA6198B929C2E1500033980B /* Resources */ = {
			isa = PBXResourcesBuildPhase;
			buildActionMask = 2147483647;
			files = (
				DA6198C629C2E1510033980B /* Preview Assets.xcassets in Resources */,
				DA6198C329C2E1510033980B /* Assets.xcassets in Resources */,
				DAC1C2DD29F902ED00988955 /* GoogleService-Info.plist in Resources */,
			);
			runOnlyForDeploymentPostprocessing = 0;
		};
		DABFF3D92A01EE8E005B290F /* Resources */ = {
			isa = PBXResourcesBuildPhase;
			buildActionMask = 2147483647;
			files = (
			);
			runOnlyForDeploymentPostprocessing = 0;
		};
/* End PBXResourcesBuildPhase section */

/* Begin PBXSourcesBuildPhase section */
		DA6198B729C2E1500033980B /* Sources */ = {
			isa = PBXSourcesBuildPhase;
			buildActionMask = 2147483647;
			files = (
				DA6198C129C2E1500033980B /* ContentView.swift in Sources */,
				DA3454E829FA59F3007E66F7 /* AddPassView.swift in Sources */,
				DA6198BF29C2E1500033980B /* pass_wallet_prototypeApp.swift in Sources */,
			);
			runOnlyForDeploymentPostprocessing = 0;
		};
		DABFF3D72A01EE8E005B290F /* Sources */ = {
			isa = PBXSourcesBuildPhase;
			buildActionMask = 2147483647;
			files = (
				DABFF3DE2A01EE8E005B290F /* pass_wallet_prototypeTests.swift in Sources */,
			);
			runOnlyForDeploymentPostprocessing = 0;
		};
/* End PBXSourcesBuildPhase section */

/* Begin PBXTargetDependency section */
		DABFF3E02A01EE8E005B290F /* PBXTargetDependency */ = {
			isa = PBXTargetDependency;
			target = DA6198BA29C2E1500033980B /* pass-wallet-prototype */;
			targetProxy = DABFF3DF2A01EE8E005B290F /* PBXContainerItemProxy */;
		};
/* End PBXTargetDependency section */

/* Begin XCBuildConfiguration section */
		DA6198C729C2E1510033980B /* Debug */ = {
			isa = XCBuildConfiguration;
			buildSettings = {
				ALWAYS_SEARCH_USER_PATHS = NO;
				CLANG_ANALYZER_NONNULL = YES;
				CLANG_ANALYZER_NUMBER_OBJECT_CONVERSION = YES_AGGRESSIVE;
				CLANG_CXX_LANGUAGE_STANDARD = "gnu++20";
				CLANG_ENABLE_MODULES = YES;
				CLANG_ENABLE_OBJC_ARC = YES;
				CLANG_ENABLE_OBJC_WEAK = YES;
				CLANG_WARN_BLOCK_CAPTURE_AUTORELEASING = YES;
				CLANG_WARN_BOOL_CONVERSION = YES;
				CLANG_WARN_COMMA = YES;
				CLANG_WARN_CONSTANT_CONVERSION = YES;
				CLANG_WARN_DEPRECATED_OBJC_IMPLEMENTATIONS = YES;
				CLANG_WARN_DIRECT_OBJC_ISA_USAGE = YES_ERROR;
				CLANG_WARN_DOCUMENTATION_COMMENTS = YES;
				CLANG_WARN_EMPTY_BODY = YES;
				CLANG_WARN_ENUM_CONVERSION = YES;
				CLANG_WARN_INFINITE_RECURSION = YES;
				CLANG_WARN_INT_CONVERSION = YES;
				CLANG_WARN_NON_LITERAL_NULL_CONVERSION = YES;
				CLANG_WARN_OBJC_IMPLICIT_RETAIN_SELF = YES;
				CLANG_WARN_OBJC_LITERAL_CONVERSION = YES;
				CLANG_WARN_OBJC_ROOT_CLASS = YES_ERROR;
				CLANG_WARN_QUOTED_INCLUDE_IN_FRAMEWORK_HEADER = YES;
				CLANG_WARN_RANGE_LOOP_ANALYSIS = YES;
				CLANG_WARN_STRICT_PROTOTYPES = YES;
				CLANG_WARN_SUSPICIOUS_MOVE = YES;
				CLANG_WARN_UNGUARDED_AVAILABILITY = YES_AGGRESSIVE;
				CLANG_WARN_UNREACHABLE_CODE = YES;
				CLANG_WARN__DUPLICATE_METHOD_MATCH = YES;
				COPY_PHASE_STRIP = NO;
				DEBUG_INFORMATION_FORMAT = dwarf;
				ENABLE_STRICT_OBJC_MSGSEND = YES;
				ENABLE_TESTABILITY = YES;
				GCC_C_LANGUAGE_STANDARD = gnu11;
				GCC_DYNAMIC_NO_PIC = NO;
				GCC_NO_COMMON_BLOCKS = YES;
				GCC_OPTIMIZATION_LEVEL = 0;
				GCC_PREPROCESSOR_DEFINITIONS = (
					"DEBUG=1",
					"$(inherited)",
				);
				GCC_WARN_64_TO_32_BIT_CONVERSION = YES;
				GCC_WARN_ABOUT_RETURN_TYPE = YES_ERROR;
				GCC_WARN_UNDECLARED_SELECTOR = YES;
				GCC_WARN_UNINITIALIZED_AUTOS = YES_AGGRESSIVE;
				GCC_WARN_UNUSED_FUNCTION = YES;
				GCC_WARN_UNUSED_VARIABLE = YES;
				IPHONEOS_DEPLOYMENT_TARGET = 16.2;
				MTL_ENABLE_DEBUG_INFO = INCLUDE_SOURCE;
				MTL_FAST_MATH = YES;
				ONLY_ACTIVE_ARCH = YES;
				SDKROOT = iphoneos;
				SWIFT_ACTIVE_COMPILATION_CONDITIONS = DEBUG;
				SWIFT_OPTIMIZATION_LEVEL = "-Onone";
			};
			name = Debug;
		};
		DA6198C829C2E1510033980B /* Release */ = {
			isa = XCBuildConfiguration;
			buildSettings = {
				ALWAYS_SEARCH_USER_PATHS = NO;
				CLANG_ANALYZER_NONNULL = YES;
				CLANG_ANALYZER_NUMBER_OBJECT_CONVERSION = YES_AGGRESSIVE;
				CLANG_CXX_LANGUAGE_STANDARD = "gnu++20";
				CLANG_ENABLE_MODULES = YES;
				CLANG_ENABLE_OBJC_ARC = YES;
				CLANG_ENABLE_OBJC_WEAK = YES;
				CLANG_WARN_BLOCK_CAPTURE_AUTORELEASING = YES;
				CLANG_WARN_BOOL_CONVERSION = YES;
				CLANG_WARN_COMMA = YES;
				CLANG_WARN_CONSTANT_CONVERSION = YES;
				CLANG_WARN_DEPRECATED_OBJC_IMPLEMENTATIONS = YES;
				CLANG_WARN_DIRECT_OBJC_ISA_USAGE = YES_ERROR;
				CLANG_WARN_DOCUMENTATION_COMMENTS = YES;
				CLANG_WARN_EMPTY_BODY = YES;
				CLANG_WARN_ENUM_CONVERSION = YES;
				CLANG_WARN_INFINITE_RECURSION = YES;
				CLANG_WARN_INT_CONVERSION = YES;
				CLANG_WARN_NON_LITERAL_NULL_CONVERSION = YES;
				CLANG_WARN_OBJC_IMPLICIT_RETAIN_SELF = YES;
				CLANG_WARN_OBJC_LITERAL_CONVERSION = YES;
				CLANG_WARN_OBJC_ROOT_CLASS = YES_ERROR;
				CLANG_WARN_QUOTED_INCLUDE_IN_FRAMEWORK_HEADER = YES;
				CLANG_WARN_RANGE_LOOP_ANALYSIS = YES;
				CLANG_WARN_STRICT_PROTOTYPES = YES;
				CLANG_WARN_SUSPICIOUS_MOVE = YES;
				CLANG_WARN_UNGUARDED_AVAILABILITY = YES_AGGRESSIVE;
				CLANG_WARN_UNREACHABLE_CODE = YES;
				CLANG_WARN__DUPLICATE_METHOD_MATCH = YES;
				COPY_PHASE_STRIP = NO;
				DEBUG_INFORMATION_FORMAT = "dwarf-with-dsym";
				ENABLE_NS_ASSERTIONS = NO;
				ENABLE_STRICT_OBJC_MSGSEND = YES;
				GCC_C_LANGUAGE_STANDARD = gnu11;
				GCC_NO_COMMON_BLOCKS = YES;
				GCC_WARN_64_TO_32_BIT_CONVERSION = YES;
				GCC_WARN_ABOUT_RETURN_TYPE = YES_ERROR;
				GCC_WARN_UNDECLARED_SELECTOR = YES;
				GCC_WARN_UNINITIALIZED_AUTOS = YES_AGGRESSIVE;
				GCC_WARN_UNUSED_FUNCTION = YES;
				GCC_WARN_UNUSED_VARIABLE = YES;
				IPHONEOS_DEPLOYMENT_TARGET = 16.2;
				MTL_ENABLE_DEBUG_INFO = NO;
				MTL_FAST_MATH = YES;
				SDKROOT = iphoneos;
				SWIFT_COMPILATION_MODE = wholemodule;
				SWIFT_OPTIMIZATION_LEVEL = "-O";
				VALIDATE_PRODUCT = YES;
			};
			name = Release;
		};
		DA6198CA29C2E1510033980B /* Debug */ = {
			isa = XCBuildConfiguration;
			buildSettings = {
				ASSETCATALOG_COMPILER_APPICON_NAME = AppIcon;
				ASSETCATALOG_COMPILER_GLOBAL_ACCENT_COLOR_NAME = AccentColor;
				CODE_SIGN_ENTITLEMENTS = "pass-wallet-prototype/pass-wallet-prototype.entitlements";
				CODE_SIGN_IDENTITY = "Apple Development";
				CODE_SIGN_STYLE = Automatic;
				CURRENT_PROJECT_VERSION = 1;
				DEVELOPMENT_ASSET_PATHS = "\"pass-wallet-prototype/Preview Content\"";
				DEVELOPMENT_TEAM = FVWPNKUT4H;
				ENABLE_PREVIEWS = YES;
				GENERATE_INFOPLIST_FILE = YES;
				INFOPLIST_FILE = "pass-wallet-prototype/Info.plist";
				INFOPLIST_KEY_CFBundleDisplayName = "pass-wallet-proto";
				INFOPLIST_KEY_LSApplicationCategoryType = "public.app-category.business";
				INFOPLIST_KEY_UIApplicationSceneManifest_Generation = YES;
				INFOPLIST_KEY_UIApplicationSupportsIndirectInputEvents = YES;
				INFOPLIST_KEY_UILaunchScreen_Generation = YES;
				INFOPLIST_KEY_UISupportedInterfaceOrientations = UIInterfaceOrientationPortrait;
				IPHONEOS_DEPLOYMENT_TARGET = 16.0;
				LD_RUNPATH_SEARCH_PATHS = (
					"$(inherited)",
					"@executable_path/Frameworks",
				);
				MARKETING_VERSION = 1.0.0;
				PRODUCT_BUNDLE_IDENTIFIER = "kr.co.chu.pass-wallet-prototype";
				PRODUCT_NAME = "$(TARGET_NAME)";
				PROVISIONING_PROFILE_SPECIFIER = "";
				SUPPORTED_PLATFORMS = "iphoneos iphonesimulator";
				SUPPORTS_MACCATALYST = NO;
				SUPPORTS_MAC_DESIGNED_FOR_IPHONE_IPAD = NO;
				SWIFT_EMIT_LOC_STRINGS = YES;
				SWIFT_VERSION = 5.0;
				TARGETED_DEVICE_FAMILY = 1;
			};
			name = Debug;
		};
		DA6198CB29C2E1510033980B /* Release */ = {
			isa = XCBuildConfiguration;
			buildSettings = {
				ASSETCATALOG_COMPILER_APPICON_NAME = AppIcon;
				ASSETCATALOG_COMPILER_GLOBAL_ACCENT_COLOR_NAME = AccentColor;
				CODE_SIGN_ENTITLEMENTS = "pass-wallet-prototype/pass-wallet-prototype.entitlements";
				CODE_SIGN_IDENTITY = "Apple Development";
				CODE_SIGN_STYLE = Automatic;
				CURRENT_PROJECT_VERSION = 1;
				DEVELOPMENT_ASSET_PATHS = "\"pass-wallet-prototype/Preview Content\"";
				DEVELOPMENT_TEAM = FVWPNKUT4H;
				ENABLE_PREVIEWS = YES;
				GENERATE_INFOPLIST_FILE = YES;
				INFOPLIST_FILE = "pass-wallet-prototype/Info.plist";
				INFOPLIST_KEY_CFBundleDisplayName = "pass-wallet-proto";
				INFOPLIST_KEY_LSApplicationCategoryType = "public.app-category.business";
				INFOPLIST_KEY_UIApplicationSceneManifest_Generation = YES;
				INFOPLIST_KEY_UIApplicationSupportsIndirectInputEvents = YES;
				INFOPLIST_KEY_UILaunchScreen_Generation = YES;
				INFOPLIST_KEY_UISupportedInterfaceOrientations = UIInterfaceOrientationPortrait;
				IPHONEOS_DEPLOYMENT_TARGET = 16.0;
				LD_RUNPATH_SEARCH_PATHS = (
					"$(inherited)",
					"@executable_path/Frameworks",
				);
				MARKETING_VERSION = 1.0.0;
				PRODUCT_BUNDLE_IDENTIFIER = "kr.co.chu.pass-wallet-prototype";
				PRODUCT_NAME = "$(TARGET_NAME)";
				PROVISIONING_PROFILE_SPECIFIER = "";
				SUPPORTED_PLATFORMS = "iphoneos iphonesimulator";
				SUPPORTS_MACCATALYST = NO;
				SUPPORTS_MAC_DESIGNED_FOR_IPHONE_IPAD = NO;
				SWIFT_EMIT_LOC_STRINGS = YES;
				SWIFT_VERSION = 5.0;
				TARGETED_DEVICE_FAMILY = 1;
			};
			name = Release;
		};
		DABFF3E12A01EE8E005B290F /* Debug */ = {
			isa = XCBuildConfiguration;
			buildSettings = {
				BUNDLE_LOADER = "$(TEST_HOST)";
				CODE_SIGN_STYLE = Automatic;
				CURRENT_PROJECT_VERSION = 1;
				DEVELOPMENT_TEAM = FVWPNKUT4H;
				GENERATE_INFOPLIST_FILE = YES;
				IPHONEOS_DEPLOYMENT_TARGET = 16.4;
				MARKETING_VERSION = 1.0;
				PRODUCT_BUNDLE_IDENTIFIER = "kr.co.chu.pass-wallet-prototypeTests";
				PRODUCT_NAME = "$(TARGET_NAME)";
				SWIFT_EMIT_LOC_STRINGS = NO;
				SWIFT_VERSION = 5.0;
				TARGETED_DEVICE_FAMILY = "1,2";
				TEST_HOST = "$(BUILT_PRODUCTS_DIR)/pass-wallet-prototype.app/$(BUNDLE_EXECUTABLE_FOLDER_PATH)/pass-wallet-prototype";
			};
			name = Debug;
		};
		DABFF3E22A01EE8E005B290F /* Release */ = {
			isa = XCBuildConfiguration;
			buildSettings = {
				BUNDLE_LOADER = "$(TEST_HOST)";
				CODE_SIGN_STYLE = Automatic;
				CURRENT_PROJECT_VERSION = 1;
				DEVELOPMENT_TEAM = FVWPNKUT4H;
				GENERATE_INFOPLIST_FILE = YES;
				IPHONEOS_DEPLOYMENT_TARGET = 16.4;
				MARKETING_VERSION = 1.0;
				PRODUCT_BUNDLE_IDENTIFIER = "kr.co.chu.pass-wallet-prototypeTests";
				PRODUCT_NAME = "$(TARGET_NAME)";
				SWIFT_EMIT_LOC_STRINGS = NO;
				SWIFT_VERSION = 5.0;
				TARGETED_DEVICE_FAMILY = "1,2";
				TEST_HOST = "$(BUILT_PRODUCTS_DIR)/pass-wallet-prototype.app/$(BUNDLE_EXECUTABLE_FOLDER_PATH)/pass-wallet-prototype";
			};
			name = Release;
		};
/* End XCBuildConfiguration section */

/* Begin XCConfigurationList section */
		DA6198B629C2E1500033980B /* Build configuration list for PBXProject "pass-wallet-prototype" */ = {
			isa = XCConfigurationList;
			buildConfigurations = (
				DA6198C729C2E1510033980B /* Debug */,
				DA6198C829C2E1510033980B /* Release */,
			);
			defaultConfigurationIsVisible = 0;
			defaultConfigurationName = Release;
		};
		DA6198C929C2E1510033980B /* Build configuration list for PBXNativeTarget "pass-wallet-prototype" */ = {
			isa = XCConfigurationList;
			buildConfigurations = (
				DA6198CA29C2E1510033980B /* Debug */,
				DA6198CB29C2E1510033980B /* Release */,
			);
			defaultConfigurationIsVisible = 0;
			defaultConfigurationName = Release;
		};
		DABFF3E32A01EE8E005B290F /* Build configuration list for PBXNativeTarget "pass-wallet-prototypeTests" */ = {
			isa = XCConfigurationList;
			buildConfigurations = (
				DABFF3E12A01EE8E005B290F /* Debug */,
				DABFF3E22A01EE8E005B290F /* Release */,
			);
			defaultConfigurationIsVisible = 0;
			defaultConfigurationName = Release;
		};
/* End XCConfigurationList section */

/* Begin XCRemoteSwiftPackageReference section */
		DAC1C2DE29F9124F00988955 /* XCRemoteSwiftPackageReference "firebase-ios-sdk" */ = {
			isa = XCRemoteSwiftPackageReference;
			repositoryURL = "https://github.com/firebase/firebase-ios-sdk";
			requirement = {
				branch = master;
				kind = branch;
			};
		};
/* End XCRemoteSwiftPackageReference section */

/* Begin XCSwiftPackageProductDependency section */
		DAC1C2DF29F9124F00988955 /* FirebaseStorage */ = {
			isa = XCSwiftPackageProductDependency;
			package = DAC1C2DE29F9124F00988955 /* XCRemoteSwiftPackageReference "firebase-ios-sdk" */;
			productName = FirebaseStorage;
		};
		DAC1C2E129F9124F00988955 /* FirebaseStorageCombine-Community */ = {
			isa = XCSwiftPackageProductDependency;
			package = DAC1C2DE29F9124F00988955 /* XCRemoteSwiftPackageReference "firebase-ios-sdk" */;
			productName = "FirebaseStorageCombine-Community";
		};
/* End XCSwiftPackageProductDependency section */
	};
	rootObject = DA6198B329C2E1500033980B /* Project object */;
}
